
Microsoft Visual Studio Solution File, Format Version 12.00
# Visual Studio Version 16
VisualStudioVersion = 16.0.30611.23
MinimumVisualStudioVersion = 10.0.40219.1
Project("{FAE04EC0-301F-11D3-BF4B-00C04F79EFBC}") = "SPWakeup3", "SPWakeup3\SPWakeup3.csproj", "{43F35403-C173-4C61-8117-9B228D6EE4B6}"
EndProject
Global
	GlobalSection(SolutionConfigurationPlatforms) = preSolution
		Debug|Any CPU = Debug|Any CPU
		Release|Any CPU = Release|Any CPU
	EndGlobalSection
	GlobalSection(ProjectConfigurationPlatforms) = postSolution
		{43F35403-C173-4C61-8117-9B228D6EE4B6}.Debug|Any CPU.ActiveCfg = Debug|Any CPU
		{43F35403-C173-4C61-8117-9B228D6EE4B6}.Debug|Any CPU.Build.0 = Debug|Any CPU
		{43F35403-C173-4C61-8117-9B228D6EE4B6}.Release|Any CPU.ActiveCfg = Release|Any CPU
		{43F35403-C173-4C61-8117-9B228D6EE4B6}.Release|Any CPU.Build.0 = Release|Any CPU
	EndGlobalSection
	GlobalSection(SolutionProperties) = preSolution
		HideSolutionNode = FALSE
	EndGlobalSection
	GlobalSection(ExtensibilityGlobals) = postSolution
		SolutionGuid = {E9A328C5-45DE-4C72-B503-6D6081D6BABC}
	EndGlobalSection
EndGlobal
